// !$*UTF8*$!
{
	archiveVersion = 1;
	classes = {
	};
	objectVersion = 50;
	objects = {

/* Begin PBXBuildFile section */
		21D3A33B26F5115500961970 /* AppDelegate.swift in Sources */ = {isa = PBXBuildFile; fileRef = 21D3A33A26F5115500961970 /* AppDelegate.swift */; };
		21D3A33D26F5115500961970 /* SceneDelegate.swift in Sources */ = {isa = PBXBuildFile; fileRef = 21D3A33C26F5115500961970 /* SceneDelegate.swift */; };
		21D3A33F26F5115500961970 /* ViewController.swift in Sources */ = {isa = PBXBuildFile; fileRef = 21D3A33E26F5115500961970 /* ViewController.swift */; };
		21D3A34226F5115500961970 /* Main.storyboard in Resources */ = {isa = PBXBuildFile; fileRef = 21D3A34026F5115500961970 /* Main.storyboard */; };
		21D3A34426F5115900961970 /* Assets.xcassets in Resources */ = {isa = PBXBuildFile; fileRef = 21D3A34326F5115900961970 /* Assets.xcassets */; };
		21D3A34726F5115900961970 /* LaunchScreen.storyboard in Resources */ = {isa = PBXBuildFile; fileRef = 21D3A34526F5115900961970 /* LaunchScreen.storyboard */; };
		21D3A35226F5115900961970 /* ATM_ConsultoriaTests.swift in Sources */ = {isa = PBXBuildFile; fileRef = 21D3A35126F5115900961970 /* ATM_ConsultoriaTests.swift */; };
		21D3A35D26F5115900961970 /* ATM_ConsultoriaUITests.swift in Sources */ = {isa = PBXBuildFile; fileRef = 21D3A35C26F5115900961970 /* ATM_ConsultoriaUITests.swift */; };
/* End PBXBuildFile section */

/* Begin PBXContainerItemProxy section */
		21D3A34E26F5115900961970 /* PBXContainerItemProxy */ = {
			isa = PBXContainerItemProxy;
			containerPortal = 21D3A32F26F5115500961970 /* Project object */;
			proxyType = 1;
			remoteGlobalIDString = 21D3A33626F5115500961970;
			remoteInfo = "ATM Consultoria";
		};
		21D3A35926F5115900961970 /* PBXContainerItemProxy */ = {
			isa = PBXContainerItemProxy;
			containerPortal = 21D3A32F26F5115500961970 /* Project object */;
			proxyType = 1;
			remoteGlobalIDString = 21D3A33626F5115500961970;
			remoteInfo = "ATM Consultoria";
		};
/* End PBXContainerItemProxy section */

/* Begin PBXFileReference section */
		21D3A33726F5115500961970 /* ATM Consultoria.app */ = {isa = PBXFileReference; explicitFileType = wrapper.application; includeInIndex = 0; path = "ATM Consultoria.app"; sourceTree = BUILT_PRODUCTS_DIR; };
		21D3A33A26F5115500961970 /* AppDelegate.swift */ = {isa = PBXFileReference; lastKnownFileType = sourcecode.swift; path = AppDelegate.swift; sourceTree = "<group>"; };
		21D3A33C26F5115500961970 /* SceneDelegate.swift */ = {isa = PBXFileReference; lastKnownFileType = sourcecode.swift; path = SceneDelegate.swift; sourceTree = "<group>"; };
		21D3A33E26F5115500961970 /* ViewController.swift */ = {isa = PBXFileReference; lastKnownFileType = sourcecode.swift; path = ViewController.swift; sourceTree = "<group>"; };
		21D3A34126F5115500961970 /* Base */ = {isa = PBXFileReference; lastKnownFileType = file.storyboard; name = Base; path = Base.lproj/Main.storyboard; sourceTree = "<group>"; };
		21D3A34326F5115900961970 /* Assets.xcassets */ = {isa = PBXFileReference; lastKnownFileType = folder.assetcatalog; path = Assets.xcassets; sourceTree = "<group>"; };
		21D3A34626F5115900961970 /* Base */ = {isa = PBXFileReference; lastKnownFileType = file.storyboard; name = Base; path = Base.lproj/LaunchScreen.storyboard; sourceTree = "<group>"; };
		21D3A34826F5115900961970 /* Info.plist */ = {isa = PBXFileReference; lastKnownFileType = text.plist.xml; path = Info.plist; sourceTree = "<group>"; };
		21D3A34D26F5115900961970 /* ATM ConsultoriaTests.xctest */ = {isa = PBXFileReference; explicitFileType = wrapper.cfbundle; includeInIndex = 0; path = "ATM ConsultoriaTests.xctest"; sourceTree = BUILT_PRODUCTS_DIR; };
		21D3A35126F5115900961970 /* ATM_ConsultoriaTests.swift */ = {isa = PBXFileReference; lastKnownFileType = sourcecode.swift; path = ATM_ConsultoriaTests.swift; sourceTree = "<group>"; };
		21D3A35326F5115900961970 /* Info.plist */ = {isa = PBXFileReference; lastKnownFileType = text.plist.xml; path = Info.plist; sourceTree = "<group>"; };
		21D3A35826F5115900961970 /* ATM ConsultoriaUITests.xctest */ = {isa = PBXFileReference; explicitFileType = wrapper.cfbundle; includeInIndex = 0; path = "ATM ConsultoriaUITests.xctest"; sourceTree = BUILT_PRODUCTS_DIR; };
		21D3A35C26F5115900961970 /* ATM_ConsultoriaUITests.swift */ = {isa = PBXFileReference; lastKnownFileType = sourcecode.swift; path = ATM_ConsultoriaUITests.swift; sourceTree = "<group>"; };
		21D3A35E26F5115900961970 /* Info.plist */ = {isa = PBXFileReference; lastKnownFileType = text.plist.xml; path = Info.plist; sourceTree = "<group>"; };
/* End PBXFileReference section */

/* Begin PBXFrameworksBuildPhase section */
		21D3A33426F5115500961970 /* Frameworks */ = {
			isa = PBXFrameworksBuildPhase;
			buildActionMask = 2147483647;
			files = (
			);
			runOnlyForDeploymentPostprocessing = 0;
		};
		21D3A34A26F5115900961970 /* Frameworks */ = {
			isa = PBXFrameworksBuildPhase;
			buildActionMask = 2147483647;
			files = (
			);
			runOnlyForDeploymentPostprocessing = 0;
		};
		21D3A35526F5115900961970 /* Frameworks */ = {
			isa = PBXFrameworksBuildPhase;
			buildActionMask = 2147483647;
			files = (
			);
			runOnlyForDeploymentPostprocessing = 0;
		};
/* End PBXFrameworksBuildPhase section */

/* Begin PBXGroup section */
		21D3A32E26F5115500961970 = {
			isa = PBXGroup;
			children = (
				21D3A33926F5115500961970 /* ATM Consultoria */,
				21D3A35026F5115900961970 /* ATM ConsultoriaTests */,
				21D3A35B26F5115900961970 /* ATM ConsultoriaUITests */,
				21D3A33826F5115500961970 /* Products */,
			);
			sourceTree = "<group>";
		};
		21D3A33826F5115500961970 /* Products */ = {
			isa = PBXGroup;
			children = (
				21D3A33726F5115500961970 /* ATM Consultoria.app */,
				21D3A34D26F5115900961970 /* ATM ConsultoriaTests.xctest */,
				21D3A35826F5115900961970 /* ATM ConsultoriaUITests.xctest */,
			);
			name = Products;
			sourceTree = "<group>";
		};
		21D3A33926F5115500961970 /* ATM Consultoria */ = {
			isa = PBXGroup;
			children = (
				21D3A33A26F5115500961970 /* AppDelegate.swift */,
				21D3A33C26F5115500961970 /* SceneDelegate.swift */,
				21D3A33E26F5115500961970 /* ViewController.swift */,
				21D3A34026F5115500961970 /* Main.storyboard */,
				21D3A34326F5115900961970 /* Assets.xcassets */,
				21D3A34526F5115900961970 /* LaunchScreen.storyboard */,
				21D3A34826F5115900961970 /* Info.plist */,
			);
			path = "ATM Consultoria";
			sourceTree = "<group>";
		};
		21D3A35026F5115900961970 /* ATM ConsultoriaTests */ = {
			isa = PBXGroup;
			children = (
				21D3A35126F5115900961970 /* ATM_ConsultoriaTests.swift */,
				21D3A35326F5115900961970 /* Info.plist */,
			);
			path = "ATM ConsultoriaTests";
			sourceTree = "<group>";
		};
		21D3A35B26F5115900961970 /* ATM ConsultoriaUITests */ = {
			isa = PBXGroup;
			children = (
				21D3A35C26F5115900961970 /* ATM_ConsultoriaUITests.swift */,
				21D3A35E26F5115900961970 /* Info.plist */,
			);
			path = "ATM ConsultoriaUITests";
			sourceTree = "<group>";
		};
/* End PBXGroup section */

/* Begin PBXNativeTarget section */
		21D3A33626F5115500961970 /* ATM Consultoria */ = {
			isa = PBXNativeTarget;
			buildConfigurationList = 21D3A36126F5115900961970 /* Build configuration list for PBXNativeTarget "ATM Consultoria" */;
			buildPhases = (
				21D3A33326F5115500961970 /* Sources */,
				21D3A33426F5115500961970 /* Frameworks */,
				21D3A33526F5115500961970 /* Resources */,
			);
			buildRules = (
			);
			dependencies = (
			);
			name = "ATM Consultoria";
			productName = "ATM Consultoria";
			productReference = 21D3A33726F5115500961970 /* ATM Consultoria.app */;
			productType = "com.apple.product-type.application";
		};
		21D3A34C26F5115900961970 /* ATM ConsultoriaTests */ = {
			isa = PBXNativeTarget;
			buildConfigurationList = 21D3A36426F5115900961970 /* Build configuration list for PBXNativeTarget "ATM ConsultoriaTests" */;
			buildPhases = (
				21D3A34926F5115900961970 /* Sources */,
				21D3A34A26F5115900961970 /* Frameworks */,
				21D3A34B26F5115900961970 /* Resources */,
			);
			buildRules = (
			);
			dependencies = (
				21D3A34F26F5115900961970 /* PBXTargetDependency */,
			);
			name = "ATM ConsultoriaTests";
			productName = "ATM ConsultoriaTests";
			productReference = 21D3A34D26F5115900961970 /* ATM ConsultoriaTests.xctest */;
			productType = "com.apple.product-type.bundle.unit-test";
		};
		21D3A35726F5115900961970 /* ATM ConsultoriaUITests */ = {
			isa = PBXNativeTarget;
			buildConfigurationList = 21D3A36726F5115900961970 /* Build configuration list for PBXNativeTarget "ATM ConsultoriaUITests" */;
			buildPhases = (
				21D3A35426F5115900961970 /* Sources */,
				21D3A35526F5115900961970 /* Frameworks */,
				21D3A35626F5115900961970 /* Resources */,
			);
			buildRules = (
			);
			dependencies = (
				21D3A35A26F5115900961970 /* PBXTargetDependency */,
			);
			name = "ATM ConsultoriaUITests";
			productName = "ATM ConsultoriaUITests";
			productReference = 21D3A35826F5115900961970 /* ATM ConsultoriaUITests.xctest */;
			productType = "com.apple.product-type.bundle.ui-testing";
		};
/* End PBXNativeTarget section */

/* Begin PBXProject section */
		21D3A32F26F5115500961970 /* Project object */ = {
			isa = PBXProject;
			attributes = {
				LastSwiftUpdateCheck = 1250;
				LastUpgradeCheck = 1250;
				TargetAttributes = {
					21D3A33626F5115500961970 = {
						CreatedOnToolsVersion = 12.5.1;
					};
					21D3A34C26F5115900961970 = {
						CreatedOnToolsVersion = 12.5.1;
						TestTargetID = 21D3A33626F5115500961970;
					};
					21D3A35726F5115900961970 = {
						CreatedOnToolsVersion = 12.5.1;
						TestTargetID = 21D3A33626F5115500961970;
					};
				};
			};
			buildConfigurationList = 21D3A33226F5115500961970 /* Build configuration list for PBXProject "ATM Consultoria" */;
			compatibilityVersion = "Xcode 9.3";
			developmentRegion = en;
			hasScannedForEncodings = 0;
			knownRegions = (
				en,
				Base,
			);
			mainGroup = 21D3A32E26F5115500961970;
			productRefGroup = 21D3A33826F5115500961970 /* Products */;
			projectDirPath = "";
			projectRoot = "";
			targets = (
				21D3A33626F5115500961970 /* ATM Consultoria */,
				21D3A34C26F5115900961970 /* ATM ConsultoriaTests */,
				21D3A35726F5115900961970 /* ATM ConsultoriaUITests */,
			);
		};
/* End PBXProject section */

/* Begin PBXResourcesBuildPhase section */
		21D3A33526F5115500961970 /* Resources */ = {
			isa = PBXResourcesBuildPhase;
			buildActionMask = 2147483647;
			files = (
				21D3A34726F5115900961970 /* LaunchScreen.storyboard in Resources */,
				21D3A34426F5115900961970 /* Assets.xcassets in Resources */,
				21D3A34226F5115500961970 /* Main.storyboard in Resources */,
			);
			runOnlyForDeploymentPostprocessing = 0;
		};
		21D3A34B26F5115900961970 /* Resources */ = {
			isa = PBXResourcesBuildPhase;
			buildActionMask = 2147483647;
			files = (
			);
			runOnlyForDeploymentPostprocessing = 0;
		};
		21D3A35626F5115900961970 /* Resources */ = {
			isa = PBXResourcesBuildPhase;
			buildActionMask = 2147483647;
			files = (
			);
			runOnlyForDeploymentPostprocessing = 0;
		};
/* End PBXResourcesBuildPhase section */

/* Begin PBXSourcesBuildPhase section */
		21D3A33326F5115500961970 /* Sources */ = {
			isa = PBXSourcesBuildPhase;
			buildActionMask = 2147483647;
			files = (
				21D3A33F26F5115500961970 /* ViewController.swift in Sources */,
				21D3A33B26F5115500961970 /* AppDelegate.swift in Sources */,
				21D3A33D26F5115500961970 /* SceneDelegate.swift in Sources */,
			);
			runOnlyForDeploymentPostprocessing = 0;
		};
		21D3A34926F5115900961970 /* Sources */ = {
			isa = PBXSourcesBuildPhase;
			buildActionMask = 2147483647;
			files = (
				21D3A35226F5115900961970 /* ATM_ConsultoriaTests.swift in Sources */,
			);
			runOnlyForDeploymentPostprocessing = 0;
		};
		21D3A35426F5115900961970 /* Sources */ = {
			isa = PBXSourcesBuildPhase;
			buildActionMask = 2147483647;
			files = (
				21D3A35D26F5115900961970 /* ATM_ConsultoriaUITests.swift in Sources */,
			);
			runOnlyForDeploymentPostprocessing = 0;
		};
/* End PBXSourcesBuildPhase section */

/* Begin PBXTargetDependency section */
		21D3A34F26F5115900961970 /* PBXTargetDependency */ = {
			isa = PBXTargetDependency;
			target = 21D3A33626F5115500961970 /* ATM Consultoria */;
			targetProxy = 21D3A34E26F5115900961970 /* PBXContainerItemProxy */;
		};
		21D3A35A26F5115900961970 /* PBXTargetDependency */ = {
			isa = PBXTargetDependency;
			target = 21D3A33626F5115500961970 /* ATM Consultoria */;
			targetProxy = 21D3A35926F5115900961970 /* PBXContainerItemProxy */;
		};
/* End PBXTargetDependency section */

/* Begin PBXVariantGroup section */
		21D3A34026F5115500961970 /* Main.storyboard */ = {
			isa = PBXVariantGroup;
			children = (
				21D3A34126F5115500961970 /* Base */,
			);
			name = Main.storyboard;
			sourceTree = "<group>";
		};
		21D3A34526F5115900961970 /* LaunchScreen.storyboard */ = {
			isa = PBXVariantGroup;
			children = (
				21D3A34626F5115900961970 /* Base */,
			);
			name = LaunchScreen.storyboard;
			sourceTree = "<group>";
		};
/* End PBXVariantGroup section */

/* Begin XCBuildConfiguration section */
		21D3A35F26F5115900961970 /* Debug */ = {
			isa = XCBuildConfiguration;
			buildSettings = {
				ALWAYS_SEARCH_USER_PATHS = NO;
				CLANG_ANALYZER_NONNULL = YES;
				CLANG_ANALYZER_NUMBER_OBJECT_CONVERSION = YES_AGGRESSIVE;
				CLANG_CXX_LANGUAGE_STANDARD = "gnu++14";
				CLANG_CXX_LIBRARY = "libc++";
				CLANG_ENABLE_MODULES = YES;
				CLANG_ENABLE_OBJC_ARC = YES;
				CLANG_ENABLE_OBJC_WEAK = YES;
				CLANG_WARN_BLOCK_CAPTURE_AUTORELEASING = YES;
				CLANG_WARN_BOOL_CONVERSION = YES;
				CLANG_WARN_COMMA = YES;
				CLANG_WARN_CONSTANT_CONVERSION = YES;
				CLANG_WARN_DEPRECATED_OBJC_IMPLEMENTATIONS = YES;
				CLANG_WARN_DIRECT_OBJC_ISA_USAGE = YES_ERROR;
				CLANG_WARN_DOCUMENTATION_COMMENTS = YES;
				CLANG_WARN_EMPTY_BODY = YES;
				CLANG_WARN_ENUM_CONVERSION = YES;
				CLANG_WARN_INFINITE_RECURSION = YES;
				CLANG_WARN_INT_CONVERSION = YES;
				CLANG_WARN_NON_LITERAL_NULL_CONVERSION = YES;
				CLANG_WARN_OBJC_IMPLICIT_RETAIN_SELF = YES;
				CLANG_WARN_OBJC_LITERAL_CONVERSION = YES;
				CLANG_WARN_OBJC_ROOT_CLASS = YES_ERROR;
				CLANG_WARN_QUOTED_INCLUDE_IN_FRAMEWORK_HEADER = YES;
				CLANG_WARN_RANGE_LOOP_ANALYSIS = YES;
				CLANG_WARN_STRICT_PROTOTYPES = YES;
				CLANG_WARN_SUSPICIOUS_MOVE = YES;
				CLANG_WARN_UNGUARDED_AVAILABILITY = YES_AGGRESSIVE;
				CLANG_WARN_UNREACHABLE_CODE = YES;
				CLANG_WARN__DUPLICATE_METHOD_MATCH = YES;
				COPY_PHASE_STRIP = NO;
				DEBUG_INFORMATION_FORMAT = dwarf;
				ENABLE_STRICT_OBJC_MSGSEND = YES;
				ENABLE_TESTABILITY = YES;
				GCC_C_LANGUAGE_STANDARD = gnu11;
				GCC_DYNAMIC_NO_PIC = NO;
				GCC_NO_COMMON_BLOCKS = YES;
				GCC_OPTIMIZATION_LEVEL = 0;
				GCC_PREPROCESSOR_DEFINITIONS = (
					"DEBUG=1",
					"$(inherited)",
				);
				GCC_WARN_64_TO_32_BIT_CONVERSION = YES;
				GCC_WARN_ABOUT_RETURN_TYPE = YES_ERROR;
				GCC_WARN_UNDECLARED_SELECTOR = YES;
				GCC_WARN_UNINITIALIZED_AUTOS = YES_AGGRESSIVE;
				GCC_WARN_UNUSED_FUNCTION = YES;
				GCC_WARN_UNUSED_VARIABLE = YES;
				IPHONEOS_DEPLOYMENT_TARGET = 14.5;
				MTL_ENABLE_DEBUG_INFO = INCLUDE_SOURCE;
				MTL_FAST_MATH = YES;
				ONLY_ACTIVE_ARCH = YES;
				SDKROOT = iphoneos;
				SWIFT_ACTIVE_COMPILATION_CONDITIONS = DEBUG;
				SWIFT_OPTIMIZATION_LEVEL = "-Onone";
			};
			name = Debug;
		};
		21D3A36026F5115900961970 /* Release */ = {
			isa = XCBuildConfiguration;
			buildSettings = {
				ALWAYS_SEARCH_USER_PATHS = NO;
				CLANG_ANALYZER_NONNULL = YES;
				CLANG_ANALYZER_NUMBER_OBJECT_CONVERSION = YES_AGGRESSIVE;
				CLANG_CXX_LANGUAGE_STANDARD = "gnu++14";
				CLANG_CXX_LIBRARY = "libc++";
				CLANG_ENABLE_MODULES = YES;
				CLANG_ENABLE_OBJC_ARC = YES;
				CLANG_ENABLE_OBJC_WEAK = YES;
				CLANG_WARN_BLOCK_CAPTURE_AUTORELEASING = YES;
				CLANG_WARN_BOOL_CONVERSION = YES;
				CLANG_WARN_COMMA = YES;
				CLANG_WARN_CONSTANT_CONVERSION = YES;
				CLANG_WARN_DEPRECATED_OBJC_IMPLEMENTATIONS = YES;
				CLANG_WARN_DIRECT_OBJC_ISA_USAGE = YES_ERROR;
				CLANG_WARN_DOCUMENTATION_COMMENTS = YES;
				CLANG_WARN_EMPTY_BODY = YES;
				CLANG_WARN_ENUM_CONVERSION = YES;
				CLANG_WARN_INFINITE_RECURSION = YES;
				CLANG_WARN_INT_CONVERSION = YES;
				CLANG_WARN_NON_LITERAL_NULL_CONVERSION = YES;
				CLANG_WARN_OBJC_IMPLICIT_RETAIN_SELF = YES;
				CLANG_WARN_OBJC_LITERAL_CONVERSION = YES;
				CLANG_WARN_OBJC_ROOT_CLASS = YES_ERROR;
				CLANG_WARN_QUOTED_INCLUDE_IN_FRAMEWORK_HEADER = YES;
				CLANG_WARN_RANGE_LOOP_ANALYSIS = YES;
				CLANG_WARN_STRICT_PROTOTYPES = YES;
				CLANG_WARN_SUSPICIOUS_MOVE = YES;
				CLANG_WARN_UNGUARDED_AVAILABILITY = YES_AGGRESSIVE;
				CLANG_WARN_UNREACHABLE_CODE = YES;
				CLANG_WARN__DUPLICATE_METHOD_MATCH = YES;
				COPY_PHASE_STRIP = NO;
				DEBUG_INFORMATION_FORMAT = "dwarf-with-dsym";
				ENABLE_NS_ASSERTIONS = NO;
				ENABLE_STRICT_OBJC_MSGSEND = YES;
				GCC_C_LANGUAGE_STANDARD = gnu11;
				GCC_NO_COMMON_BLOCKS = YES;
				GCC_WARN_64_TO_32_BIT_CONVERSION = YES;
				GCC_WARN_ABOUT_RETURN_TYPE = YES_ERROR;
				GCC_WARN_UNDECLARED_SELECTOR = YES;
				GCC_WARN_UNINITIALIZED_AUTOS = YES_AGGRESSIVE;
				GCC_WARN_UNUSED_FUNCTION = YES;
				GCC_WARN_UNUSED_VARIABLE = YES;
				IPHONEOS_DEPLOYMENT_TARGET = 14.5;
				MTL_ENABLE_DEBUG_INFO = NO;
				MTL_FAST_MATH = YES;
				SDKROOT = iphoneos;
				SWIFT_COMPILATION_MODE = wholemodule;
				SWIFT_OPTIMIZATION_LEVEL = "-O";
				VALIDATE_PRODUCT = YES;
			};
			name = Release;
		};
		21D3A36226F5115900961970 /* Debug */ = {
			isa = XCBuildConfiguration;
			buildSettings = {
				ASSETCATALOG_COMPILER_APPICON_NAME = AppIcon;
				ASSETCATALOG_COMPILER_GLOBAL_ACCENT_COLOR_NAME = AccentColor;
				CODE_SIGN_STYLE = Automatic;
				INFOPLIST_FILE = "ATM Consultoria/Info.plist";
				LD_RUNPATH_SEARCH_PATHS = (
					"$(inherited)",
					"@executable_path/Frameworks",
				);
				PRODUCT_BUNDLE_IDENTIFIER = "com.molecula.ATM-Consultoria";
				PRODUCT_NAME = "$(TARGET_NAME)";
				SWIFT_VERSION = 5.0;
				TARGETED_DEVICE_FAMILY = "1,2";
			};
			name = Debug;
		};
		21D3A36326F5115900961970 /* Release */ = {
			isa = XCBuildConfiguration;
			buildSettings = {
				ASSETCATALOG_COMPILER_APPICON_NAME = AppIcon;
				ASSETCATALOG_COMPILER_GLOBAL_ACCENT_COLOR_NAME = AccentColor;
				CODE_SIGN_STYLE = Automatic;
				INFOPLIST_FILE = "ATM Consultoria/Info.plist";
				LD_RUNPATH_SEARCH_PATHS = (
					"$(inherited)",
					"@executable_path/Frameworks",
				);
				PRODUCT_BUNDLE_IDENTIFIER = "com.molecula.ATM-Consultoria";
				PRODUCT_NAME = "$(TARGET_NAME)";
				SWIFT_VERSION = 5.0;
				TARGETED_DEVICE_FAMILY = "1,2";
			};
			name = Release;
		};
		21D3A36526F5115900961970 /* Debug */ = {
			isa = XCBuildConfiguration;
			buildSettings = {
				ALWAYS_EMBED_SWIFT_STANDARD_LIBRARIES = YES;
				BUNDLE_LOADER = "$(TEST_HOST)";
				CODE_SIGN_STYLE = Automatic;
				INFOPLIST_FILE = "ATM ConsultoriaTests/Info.plist";
				IPHONEOS_DEPLOYMENT_TARGET = 14.5;
				LD_RUNPATH_SEARCH_PATHS = (
					"$(inherited)",
					"@executable_path/Frameworks",
					"@loader_path/Frameworks",
				);
				PRODUCT_BUNDLE_IDENTIFIER = "com.molecula.ATM-ConsultoriaTests";
				PRODUCT_NAME = "$(TARGET_NAME)";
				SWIFT_VERSION = 5.0;
				TARGETED_DEVICE_FAMILY = "1,2";
				TEST_HOST = "$(BUILT_PRODUCTS_DIR)/ATM Consultoria.app/ATM Consultoria";
			};
			name = Debug;
		};
		21D3A36626F5115900961970 /* Release */ = {
			isa = XCBuildConfiguration;
			buildSettings = {
				ALWAYS_EMBED_SWIFT_STANDARD_LIBRARIES = YES;
				BUNDLE_LOADER = "$(TEST_HOST)";
				CODE_SIGN_STYLE = Automatic;
				INFOPLIST_FILE = "ATM ConsultoriaTests/Info.plist";
				IPHONEOS_DEPLOYMENT_TARGET = 14.5;
				LD_RUNPATH_SEARCH_PATHS = (
					"$(inherited)",
					"@executable_path/Frameworks",
					"@loader_path/Frameworks",
				);
				PRODUCT_BUNDLE_IDENTIFIER = "com.molecula.ATM-ConsultoriaTests";
				PRODUCT_NAME = "$(TARGET_NAME)";
				SWIFT_VERSION = 5.0;
				TARGETED_DEVICE_FAMILY = "1,2";
				TEST_HOST = "$(BUILT_PRODUCTS_DIR)/ATM Consultoria.app/ATM Consultoria";
			};
			name = Release;
		};
		21D3A36826F5115900961970 /* Debug */ = {
			isa = XCBuildConfiguration;
			buildSettings = {
				ALWAYS_EMBED_SWIFT_STANDARD_LIBRARIES = YES;
				CODE_SIGN_STYLE = Automatic;
				INFOPLIST_FILE = "ATM ConsultoriaUITests/Info.plist";
				LD_RUNPATH_SEARCH_PATHS = (
					"$(inherited)",
					"@executable_path/Frameworks",
					"@loader_path/Frameworks",
				);
				PRODUCT_BUNDLE_IDENTIFIER = "com.molecula.ATM-ConsultoriaUITests";
				PRODUCT_NAME = "$(TARGET_NAME)";
				SWIFT_VERSION = 5.0;
				TARGETED_DEVICE_FAMILY = "1,2";
				TEST_TARGET_NAME = "ATM Consultoria";
			};
			name = Debug;
		};
		21D3A36926F5115900961970 /* Release */ = {
			isa = XCBuildConfiguration;
			buildSettings = {
				ALWAYS_EMBED_SWIFT_STANDARD_LIBRARIES = YES;
				CODE_SIGN_STYLE = Automatic;
				INFOPLIST_FILE = "ATM ConsultoriaUITests/Info.plist";
				LD_RUNPATH_SEARCH_PATHS = (
					"$(inherited)",
					"@executable_path/Frameworks",
					"@loader_path/Frameworks",
				);
				PRODUCT_BUNDLE_IDENTIFIER = "com.molecula.ATM-ConsultoriaUITests";
				PRODUCT_NAME = "$(TARGET_NAME)";
				SWIFT_VERSION = 5.0;
				TARGETED_DEVICE_FAMILY = "1,2";
				TEST_TARGET_NAME = "ATM Consultoria";
			};
			name = Release;
		};
/* End XCBuildConfiguration section */

/* Begin XCConfigurationList section */
		21D3A33226F5115500961970 /* Build configuration list for PBXProject "ATM Consultoria" */ = {
			isa = XCConfigurationList;
			buildConfigurations = (
				21D3A35F26F5115900961970 /* Debug */,
				21D3A36026F5115900961970 /* Release */,
			);
			defaultConfigurationIsVisible = 0;
			defaultConfigurationName = Release;
		};
		21D3A36126F5115900961970 /* Build configuration list for PBXNativeTarget "ATM Consultoria" */ = {
			isa = XCConfigurationList;
			buildConfigurations = (
				21D3A36226F5115900961970 /* Debug */,
				21D3A36326F5115900961970 /* Release */,
			);
			defaultConfigurationIsVisible = 0;
			defaultConfigurationName = Release;
		};
		21D3A36426F5115900961970 /* Build configuration list for PBXNativeTarget "ATM ConsultoriaTests" */ = {
			isa = XCConfigurationList;
			buildConfigurations = (
				21D3A36526F5115900961970 /* Debug */,
				21D3A36626F5115900961970 /* Release */,
			);
			defaultConfigurationIsVisible = 0;
			defaultConfigurationName = Release;
		};
		21D3A36726F5115900961970 /* Build configuration list for PBXNativeTarget "ATM ConsultoriaUITests" */ = {
			isa = XCConfigurationList;
			buildConfigurations = (
				21D3A36826F5115900961970 /* Debug */,
				21D3A36926F5115900961970 /* Release */,
			);
			defaultConfigurationIsVisible = 0;
			defaultConfigurationName = Release;
		};
/* End XCConfigurationList section */
	};
	rootObject = 21D3A32F26F5115500961970 /* Project object */;
}
